
Microsoft Visual Studio Solution File, Format Version 12.00
# Visual Studio Version 17
VisualStudioVersion = 17.1.32210.238
MinimumVisualStudioVersion = 10.0.40219.1
Project("{FAE04EC0-301F-11D3-BF4B-00C04F79EFBC}") = "r720SNMPFanControl", "r720SNMPFanControl\r720SNMPFanControl.csproj", "{D92AA875-E5F9-45F4-A36D-65C239D90683}"
EndProject
Global
	GlobalSection(SolutionConfigurationPlatforms) = preSolution
		Debug|Any CPU = Debug|Any CPU
		Release|Any CPU = Release|Any CPU
	EndGlobalSection
	GlobalSection(ProjectConfigurationPlatforms) = postSolution
		{D92AA875-E5F9-45F4-A36D-65C239D90683}.Debug|Any CPU.ActiveCfg = Debug|Any CPU
		{D92AA875-E5F9-45F4-A36D-65C239D90683}.Debug|Any CPU.Build.0 = Debug|Any CPU
		{D92AA875-E5F9-45F4-A36D-65C239D90683}.Release|Any CPU.ActiveCfg = Release|Any CPU
		{D92AA875-E5F9-45F4-A36D-65C239D90683}.Release|Any CPU.Build.0 = Release|Any CPU
	EndGlobalSection
	GlobalSection(SolutionProperties) = preSolution
		HideSolutionNode = FALSE
	EndGlobalSection
	GlobalSection(ExtensibilityGlobals) = postSolution
		SolutionGuid = {7EF63096-5A91-441D-9D1A-F1BA0DA451E1}
	EndGlobalSection
EndGlobal
